
Microsoft Visual Studio Solution File, Format Version 12.00
# Visual Studio Version 17
VisualStudioVersion = 17.14.36518.9
MinimumVisualStudioVersion = 10.0.40219.1
Project("{FAE04EC0-301F-11D3-BF4B-00C04F79EFBC}") = "Hospital.Domain", "Hospital.Domain\Hospital.Domain.csproj", "{D1A693A5-BEBE-4EAA-98D9-9A08276D6C5C}"
EndProject
Project("{FAE04EC0-301F-11D3-BF4B-00C04F79EFBC}") = "Hospital.Tests", "Hospital.Tests\Hospital.Tests.csproj", "{A43A77DA-9A7D-4E46-99C0-F2E19E41024C}"
EndProject
Project("{FAE04EC0-301F-11D3-BF4B-00C04F79EFBC}") = "Hospital.Infrastructure.EfCore", "Hospital.Infrastructure.EfCore\Hospital.Infrastructure.EfCore.csproj", "{21BF3331-01D3-465D-AA51-4A90FFC8D416}"
EndProject
Project("{FAE04EC0-301F-11D3-BF4B-00C04F79EFBC}") = "Hospital.Application", "Hospital.Application\Hospital.Application.csproj", "{D1AEECB5-12D9-4D5B-86A3-1ADC08832F23}"
EndProject
Project("{FAE04EC0-301F-11D3-BF4B-00C04F79EFBC}") = "Hospital.Application.Contracts", "Hospital.Application.Contracts\Hospital.Application.Contracts.csproj", "{9C939176-3ED5-48AB-992F-C3C1ADAEB3CF}"
EndProject
Project("{FAE04EC0-301F-11D3-BF4B-00C04F79EFBC}") = "Hospital.Api.Host", "Hospital.Api.Host\Hospital.Api.Host.csproj", "{51E8A672-BFCC-3A23-3F37-394EA8FABFFF}"
EndProject
Project("{FAE04EC0-301F-11D3-BF4B-00C04F79EFBC}") = "Hospital.AppHost", "Hospital.AppHost\Hospital.AppHost.csproj", "{43A00339-AC16-4B28-A7BE-C415A309413C}"
EndProject
Project("{FAE04EC0-301F-11D3-BF4B-00C04F79EFBC}") = "Hospital.ServiceDefaults", "Hospital.ServiceDefaults\Hospital.ServiceDefaults.csproj", "{02EA8A8F-919E-94A9-23FF-E7C7B1CBA365}"
EndProject
Project("{FAE04EC0-301F-11D3-BF4B-00C04F79EFBC}") = "Hospital.Infrastructure.RabbitMq", "Hospital.Infrastructure.RabbitMq\Hospital.Infrastructure.RabbitMq.csproj", "{21931511-2762-4A10-A13E-5DF62AE06D68}"
EndProject
Global
	GlobalSection(SolutionConfigurationPlatforms) = preSolution
		Debug|Any CPU = Debug|Any CPU
		Release|Any CPU = Release|Any CPU
	EndGlobalSection
	GlobalSection(ProjectConfigurationPlatforms) = postSolution
		{D1A693A5-BEBE-4EAA-98D9-9A08276D6C5C}.Debug|Any CPU.ActiveCfg = Debug|Any CPU
		{D1A693A5-BEBE-4EAA-98D9-9A08276D6C5C}.Debug|Any CPU.Build.0 = Debug|Any CPU
		{D1A693A5-BEBE-4EAA-98D9-9A08276D6C5C}.Release|Any CPU.ActiveCfg = Release|Any CPU
		{D1A693A5-BEBE-4EAA-98D9-9A08276D6C5C}.Release|Any CPU.Build.0 = Release|Any CPU
		{A43A77DA-9A7D-4E46-99C0-F2E19E41024C}.Debug|Any CPU.ActiveCfg = Debug|Any CPU
		{A43A77DA-9A7D-4E46-99C0-F2E19E41024C}.Debug|Any CPU.Build.0 = Debug|Any CPU
		{A43A77DA-9A7D-4E46-99C0-F2E19E41024C}.Release|Any CPU.ActiveCfg = Release|Any CPU
		{A43A77DA-9A7D-4E46-99C0-F2E19E41024C}.Release|Any CPU.Build.0 = Release|Any CPU
		{21BF3331-01D3-465D-AA51-4A90FFC8D416}.Debug|Any CPU.ActiveCfg = Debug|Any CPU
		{21BF3331-01D3-465D-AA51-4A90FFC8D416}.Debug|Any CPU.Build.0 = Debug|Any CPU
		{21BF3331-01D3-465D-AA51-4A90FFC8D416}.Release|Any CPU.ActiveCfg = Release|Any CPU
		{21BF3331-01D3-465D-AA51-4A90FFC8D416}.Release|Any CPU.Build.0 = Release|Any CPU
		{D1AEECB5-12D9-4D5B-86A3-1ADC08832F23}.Debug|Any CPU.ActiveCfg = Debug|Any CPU
		{D1AEECB5-12D9-4D5B-86A3-1ADC08832F23}.Debug|Any CPU.Build.0 = Debug|Any CPU
		{D1AEECB5-12D9-4D5B-86A3-1ADC08832F23}.Release|Any CPU.ActiveCfg = Release|Any CPU
		{D1AEECB5-12D9-4D5B-86A3-1ADC08832F23}.Release|Any CPU.Build.0 = Release|Any CPU
		{9C939176-3ED5-48AB-992F-C3C1ADAEB3CF}.Debug|Any CPU.ActiveCfg = Debug|Any CPU
		{9C939176-3ED5-48AB-992F-C3C1ADAEB3CF}.Debug|Any CPU.Build.0 = Debug|Any CPU
		{9C939176-3ED5-48AB-992F-C3C1ADAEB3CF}.Release|Any CPU.ActiveCfg = Release|Any CPU
		{9C939176-3ED5-48AB-992F-C3C1ADAEB3CF}.Release|Any CPU.Build.0 = Release|Any CPU
		{51E8A672-BFCC-3A23-3F37-394EA8FABFFF}.Debug|Any CPU.ActiveCfg = Debug|Any CPU
		{51E8A672-BFCC-3A23-3F37-394EA8FABFFF}.Debug|Any CPU.Build.0 = Debug|Any CPU
		{51E8A672-BFCC-3A23-3F37-394EA8FABFFF}.Release|Any CPU.ActiveCfg = Release|Any CPU
		{51E8A672-BFCC-3A23-3F37-394EA8FABFFF}.Release|Any CPU.Build.0 = Release|Any CPU
		{43A00339-AC16-4B28-A7BE-C415A309413C}.Debug|Any CPU.ActiveCfg = Debug|Any CPU
		{43A00339-AC16-4B28-A7BE-C415A309413C}.Debug|Any CPU.Build.0 = Debug|Any CPU
		{43A00339-AC16-4B28-A7BE-C415A309413C}.Release|Any CPU.ActiveCfg = Release|Any CPU
		{43A00339-AC16-4B28-A7BE-C415A309413C}.Release|Any CPU.Build.0 = Release|Any CPU
		{02EA8A8F-919E-94A9-23FF-E7C7B1CBA365}.Debug|Any CPU.ActiveCfg = Debug|Any CPU
		{02EA8A8F-919E-94A9-23FF-E7C7B1CBA365}.Debug|Any CPU.Build.0 = Debug|Any CPU
		{02EA8A8F-919E-94A9-23FF-E7C7B1CBA365}.Release|Any CPU.ActiveCfg = Release|Any CPU
		{02EA8A8F-919E-94A9-23FF-E7C7B1CBA365}.Release|Any CPU.Build.0 = Release|Any CPU
		{21931511-2762-4A10-A13E-5DF62AE06D68}.Debug|Any CPU.ActiveCfg = Debug|Any CPU
		{21931511-2762-4A10-A13E-5DF62AE06D68}.Debug|Any CPU.Build.0 = Debug|Any CPU
		{21931511-2762-4A10-A13E-5DF62AE06D68}.Release|Any CPU.ActiveCfg = Release|Any CPU
		{21931511-2762-4A10-A13E-5DF62AE06D68}.Release|Any CPU.Build.0 = Release|Any CPU
	EndGlobalSection
	GlobalSection(SolutionProperties) = preSolution
		HideSolutionNode = FALSE
	EndGlobalSection
	GlobalSection(ExtensibilityGlobals) = postSolution
		SolutionGuid = {85B7FB5A-B9B4-4D9E-A017-47F3F54E4A63}
	EndGlobalSection
EndGlobal
